// !$*UTF8*$!
{
	archiveVersion = 1;
	classes = {
	};
	objectVersion = 50;
	objects = {

/* Begin PBXBuildFile section */
		723EF5D025DAF1E30054F02A /* IdentifyPatterns.swift in Sources */ = {isa = PBXBuildFile; fileRef = 723EF5CF25DAF1E30054F02A /* IdentifyPatterns.swift */; };
		7241F3F02580153400BBD21E /* DataModel.xcdatamodeld in Sources */ = {isa = PBXBuildFile; fileRef = 7241F3EE2580153400BBD21E /* DataModel.xcdatamodeld */; };
		724AC075253B76DC007880FF /* MainView.swift in Sources */ = {isa = PBXBuildFile; fileRef = 724AC074253B76DC007880FF /* MainView.swift */; };
		724AC07A253B76DE007880FF /* Preview Assets.xcassets in Resources */ = {isa = PBXBuildFile; fileRef = 724AC079253B76DE007880FF /* Preview Assets.xcassets */; };
		724AC07D253B76DE007880FF /* LaunchScreen.storyboard in Resources */ = {isa = PBXBuildFile; fileRef = 724AC07B253B76DE007880FF /* LaunchScreen.storyboard */; };
		724AC088253B76DE007880FF /* Bottled_UpTests.swift in Sources */ = {isa = PBXBuildFile; fileRef = 724AC087253B76DE007880FF /* Bottled_UpTests.swift */; };
		724AC093253B76DE007880FF /* Bottled_UpUITests.swift in Sources */ = {isa = PBXBuildFile; fileRef = 724AC092253B76DE007880FF /* Bottled_UpUITests.swift */; };
		7252AB3F2541BBC400499D82 /* Assets.xcassets in Resources */ = {isa = PBXBuildFile; fileRef = 724AC076253B76DE007880FF /* Assets.xcassets */; };
		7270ABB7258BC9B600262E0F /* Stressor.swift in Sources */ = {isa = PBXBuildFile; fileRef = 72B9D3F9253B955100B8ECE1 /* Stressor.swift */; };
		7270ABBC258BC9C300262E0F /* Stressor+CoreDataProperties.swift in Sources */ = {isa = PBXBuildFile; fileRef = 72A851FF258BB0F9005F01D2 /* Stressor+CoreDataProperties.swift */; };
		7270ABC1258BC9CC00262E0F /* Stressor+CoreDataClass.swift in Sources */ = {isa = PBXBuildFile; fileRef = 72A851FE258BB0F9005F01D2 /* Stressor+CoreDataClass.swift */; };
		7270ABE0258BCAAD00262E0F /* Assets.xcassets in Resources */ = {isa = PBXBuildFile; fileRef = 72DB2347258BC2EA00752C04 /* Assets.xcassets */; };
		7270ABE5258BCAFC00262E0F /* DataModel.xcdatamodeld in Sources */ = {isa = PBXBuildFile; fileRef = 7241F3EE2580153400BBD21E /* DataModel.xcdatamodeld */; };
		72926AD8254A310C00CA972A /* AddingStressor.swift in Sources */ = {isa = PBXBuildFile; fileRef = 72926AD7254A310C00CA972A /* AddingStressor.swift */; };
		72A45D172570080E00FD1D0D /* HomeView.swift in Sources */ = {isa = PBXBuildFile; fileRef = 72A45D162570080E00FD1D0D /* HomeView.swift */; };
		72A45D2525701B3900FD1D0D /* HelpView.swift in Sources */ = {isa = PBXBuildFile; fileRef = 72A45D2425701B3900FD1D0D /* HelpView.swift */; };
		72A45D2A25701F8B00FD1D0D /* AccountView.swift in Sources */ = {isa = PBXBuildFile; fileRef = 72A45D2925701F8B00FD1D0D /* AccountView.swift */; };
		72A85200258BB0F9005F01D2 /* Stressor+CoreDataClass.swift in Sources */ = {isa = PBXBuildFile; fileRef = 72A851FE258BB0F9005F01D2 /* Stressor+CoreDataClass.swift */; };
		72A85201258BB0F9005F01D2 /* Stressor+CoreDataProperties.swift in Sources */ = {isa = PBXBuildFile; fileRef = 72A851FF258BB0F9005F01D2 /* Stressor+CoreDataProperties.swift */; };
		72A88CD125A485C500DED9F9 /* BottledUpApp.swift in Sources */ = {isa = PBXBuildFile; fileRef = 72A88CD025A485C500DED9F9 /* BottledUpApp.swift */; };
		72A88CD725A485F100DED9F9 /* PersistenceController.swift in Sources */ = {isa = PBXBuildFile; fileRef = 72A88CD625A485F100DED9F9 /* PersistenceController.swift */; };
		72A88CE525A4887E00DED9F9 /* BottleView.swift in Sources */ = {isa = PBXBuildFile; fileRef = 72A88CE425A4887E00DED9F9 /* BottleView.swift */; };
		72A88CEB25A4889200DED9F9 /* HeaderView.swift in Sources */ = {isa = PBXBuildFile; fileRef = 72A88CEA25A4889200DED9F9 /* HeaderView.swift */; };
		72A88CF125A488A400DED9F9 /* DropletButton.swift in Sources */ = {isa = PBXBuildFile; fileRef = 72A88CF025A488A400DED9F9 /* DropletButton.swift */; };
		72A88CF725A488B600DED9F9 /* AppTitle.swift in Sources */ = {isa = PBXBuildFile; fileRef = 72A88CF625A488B600DED9F9 /* AppTitle.swift */; };
		72A88D0D25A4891700DED9F9 /* Config.swift in Sources */ = {isa = PBXBuildFile; fileRef = 72A88D0C25A4891700DED9F9 /* Config.swift */; };
		72A88D1725A48AC600DED9F9 /* WidgetItem.swift in Sources */ = {isa = PBXBuildFile; fileRef = 72A88D1625A48AC600DED9F9 /* WidgetItem.swift */; };
		72A88D1C25A48ACD00DED9F9 /* WidgetItem.swift in Sources */ = {isa = PBXBuildFile; fileRef = 72A88D1625A48AC600DED9F9 /* WidgetItem.swift */; };
		72A88D2125A48AEE00DED9F9 /* Config.swift in Sources */ = {isa = PBXBuildFile; fileRef = 72A88D0C25A4891700DED9F9 /* Config.swift */; };
		72B9D3CE253B814900B8ECE1 /* BottleImg.swift in Sources */ = {isa = PBXBuildFile; fileRef = 72B9D3CD253B814900B8ECE1 /* BottleImg.swift */; };
		72B9D3DF253B87E700B8ECE1 /* StressorItem.swift in Sources */ = {isa = PBXBuildFile; fileRef = 72B9D3DE253B87E700B8ECE1 /* StressorItem.swift */; };
		72B9D3F0253B898800B8ECE1 /* Data.swift in Sources */ = {isa = PBXBuildFile; fileRef = 72B9D3EF253B898800B8ECE1 /* Data.swift */; };
		72B9D3FA253B955100B8ECE1 /* Stressor.swift in Sources */ = {isa = PBXBuildFile; fileRef = 72B9D3F9253B955100B8ECE1 /* Stressor.swift */; };
		72B9D407253BA10500B8ECE1 /* stressorData.json in Resources */ = {isa = PBXBuildFile; fileRef = 72B9D3DA253B879200B8ECE1 /* stressorData.json */; };
		72B9D40C253BAD6100B8ECE1 /* BottledStressors.swift in Sources */ = {isa = PBXBuildFile; fileRef = 72B9D40B253BAD6100B8ECE1 /* BottledStressors.swift */; };
		72CA7CB625DB1EBE0054AD7F /* PatternList.swift in Sources */ = {isa = PBXBuildFile; fileRef = 72CA7CB525DB1EBE0054AD7F /* PatternList.swift */; };
		72D91C1A2569458A008CACAF /* DetailStressor.swift in Sources */ = {isa = PBXBuildFile; fileRef = 72D91C192569458A008CACAF /* DetailStressor.swift */; };
		72DB2335258BBA0200752C04 /* ReframeStressor.swift in Sources */ = {isa = PBXBuildFile; fileRef = 72DB2334258BBA0200752C04 /* ReframeStressor.swift */; };
		72DB2340258BC2E900752C04 /* WidgetKit.framework in Frameworks */ = {isa = PBXBuildFile; fileRef = 72DB233F258BC2E900752C04 /* WidgetKit.framework */; };
		72DB2342258BC2E900752C04 /* SwiftUI.framework in Frameworks */ = {isa = PBXBuildFile; fileRef = 72DB2341258BC2E900752C04 /* SwiftUI.framework */; };
		72DB2345258BC2E900752C04 /* BottledUpWidget.swift in Sources */ = {isa = PBXBuildFile; fileRef = 72DB2344258BC2E900752C04 /* BottledUpWidget.swift */; };
		72DB234A258BC2EA00752C04 /* BottledUpWidget.intentdefinition in Sources */ = {isa = PBXBuildFile; fileRef = 72DB2346258BC2E900752C04 /* BottledUpWidget.intentdefinition */; };
		72DB234B258BC2EA00752C04 /* BottledUpWidget.intentdefinition in Sources */ = {isa = PBXBuildFile; fileRef = 72DB2346258BC2E900752C04 /* BottledUpWidget.intentdefinition */; };
		72DB234E258BC2EA00752C04 /* BottledUpWidgetExtension.appex in Embed App Extensions */ = {isa = PBXBuildFile; fileRef = 72DB233D258BC2E900752C04 /* BottledUpWidgetExtension.appex */; settings = {ATTRIBUTES = (RemoveHeadersOnCopy, ); }; };
		72DB236C258BC5CF00752C04 /* WidgetView.swift in Sources */ = {isa = PBXBuildFile; fileRef = 72DB2366258BC5CD00752C04 /* WidgetView.swift */; };
		72DB237F258BC6DF00752C04 /* StressorItem.swift in Sources */ = {isa = PBXBuildFile; fileRef = 72B9D3DE253B87E700B8ECE1 /* StressorItem.swift */; };
		72DB2384258BC6E400752C04 /* BottleImg.swift in Sources */ = {isa = PBXBuildFile; fileRef = 72B9D3CD253B814900B8ECE1 /* BottleImg.swift */; };
		72DB2399258BC71400752C04 /* HelpView.swift in Sources */ = {isa = PBXBuildFile; fileRef = 72A45D2425701B3900FD1D0D /* HelpView.swift */; };
/* End PBXBuildFile section */

/* Begin PBXContainerItemProxy section */
		724AC084253B76DE007880FF /* PBXContainerItemProxy */ = {
			isa = PBXContainerItemProxy;
			containerPortal = 724AC065253B76DC007880FF /* Project object */;
			proxyType = 1;
			remoteGlobalIDString = 724AC06C253B76DC007880FF;
			remoteInfo = "Bottled Up";
		};
		724AC08F253B76DE007880FF /* PBXContainerItemProxy */ = {
			isa = PBXContainerItemProxy;
			containerPortal = 724AC065253B76DC007880FF /* Project object */;
			proxyType = 1;
			remoteGlobalIDString = 724AC06C253B76DC007880FF;
			remoteInfo = "Bottled Up";
		};
		72DB234C258BC2EA00752C04 /* PBXContainerItemProxy */ = {
			isa = PBXContainerItemProxy;
			containerPortal = 724AC065253B76DC007880FF /* Project object */;
			proxyType = 1;
			remoteGlobalIDString = 72DB233C258BC2E900752C04;
			remoteInfo = BottledUpWidgetExtension;
		};
/* End PBXContainerItemProxy section */

/* Begin PBXCopyFilesBuildPhase section */
		72DB2352258BC2EA00752C04 /* Embed App Extensions */ = {
			isa = PBXCopyFilesBuildPhase;
			buildActionMask = 2147483647;
			dstPath = "";
			dstSubfolderSpec = 13;
			files = (
				72DB234E258BC2EA00752C04 /* BottledUpWidgetExtension.appex in Embed App Extensions */,
			);
			name = "Embed App Extensions";
			runOnlyForDeploymentPostprocessing = 0;
		};
/* End PBXCopyFilesBuildPhase section */

/* Begin PBXFileReference section */
		723EF5CF25DAF1E30054F02A /* IdentifyPatterns.swift */ = {isa = PBXFileReference; lastKnownFileType = sourcecode.swift; path = IdentifyPatterns.swift; sourceTree = "<group>"; };
		7241F3EF2580153400BBD21E /* DataModel.xcdatamodel */ = {isa = PBXFileReference; lastKnownFileType = wrapper.xcdatamodel; path = DataModel.xcdatamodel; sourceTree = "<group>"; };
		724AC06D253B76DC007880FF /* Bottled Up.app */ = {isa = PBXFileReference; explicitFileType = wrapper.application; includeInIndex = 0; path = "Bottled Up.app"; sourceTree = BUILT_PRODUCTS_DIR; };
		724AC074253B76DC007880FF /* MainView.swift */ = {isa = PBXFileReference; lastKnownFileType = sourcecode.swift; path = MainView.swift; sourceTree = "<group>"; };
		724AC076253B76DE007880FF /* Assets.xcassets */ = {isa = PBXFileReference; lastKnownFileType = folder.assetcatalog; path = Assets.xcassets; sourceTree = "<group>"; };
		724AC079253B76DE007880FF /* Preview Assets.xcassets */ = {isa = PBXFileReference; lastKnownFileType = folder.assetcatalog; path = "Preview Assets.xcassets"; sourceTree = "<group>"; };
		724AC07C253B76DE007880FF /* Base */ = {isa = PBXFileReference; lastKnownFileType = file.storyboard; name = Base; path = Base.lproj/LaunchScreen.storyboard; sourceTree = "<group>"; };
		724AC07E253B76DE007880FF /* Info.plist */ = {isa = PBXFileReference; lastKnownFileType = text.plist.xml; path = Info.plist; sourceTree = "<group>"; };
		724AC083253B76DE007880FF /* Bottled UpTests.xctest */ = {isa = PBXFileReference; explicitFileType = wrapper.cfbundle; includeInIndex = 0; path = "Bottled UpTests.xctest"; sourceTree = BUILT_PRODUCTS_DIR; };
		724AC087253B76DE007880FF /* Bottled_UpTests.swift */ = {isa = PBXFileReference; lastKnownFileType = sourcecode.swift; path = Bottled_UpTests.swift; sourceTree = "<group>"; };
		724AC089253B76DE007880FF /* Info.plist */ = {isa = PBXFileReference; lastKnownFileType = text.plist.xml; path = Info.plist; sourceTree = "<group>"; };
		724AC08E253B76DE007880FF /* Bottled UpUITests.xctest */ = {isa = PBXFileReference; explicitFileType = wrapper.cfbundle; includeInIndex = 0; path = "Bottled UpUITests.xctest"; sourceTree = BUILT_PRODUCTS_DIR; };
		724AC092253B76DE007880FF /* Bottled_UpUITests.swift */ = {isa = PBXFileReference; lastKnownFileType = sourcecode.swift; path = Bottled_UpUITests.swift; sourceTree = "<group>"; };
		724AC094253B76DE007880FF /* Info.plist */ = {isa = PBXFileReference; lastKnownFileType = text.plist.xml; path = Info.plist; sourceTree = "<group>"; };
		7270ABEA258BCEDF00262E0F /* Bottled Up.entitlements */ = {isa = PBXFileReference; lastKnownFileType = text.plist.entitlements; path = "Bottled Up.entitlements"; sourceTree = "<group>"; };
		7270ABEF258BCF5600262E0F /* BottledUpWidgetExtension.entitlements */ = {isa = PBXFileReference; lastKnownFileType = text.plist.entitlements; path = BottledUpWidgetExtension.entitlements; sourceTree = "<group>"; };
		72926AD7254A310C00CA972A /* AddingStressor.swift */ = {isa = PBXFileReference; lastKnownFileType = sourcecode.swift; path = AddingStressor.swift; sourceTree = "<group>"; };
		72A45D162570080E00FD1D0D /* HomeView.swift */ = {isa = PBXFileReference; lastKnownFileType = sourcecode.swift; path = HomeView.swift; sourceTree = "<group>"; };
		72A45D2425701B3900FD1D0D /* HelpView.swift */ = {isa = PBXFileReference; lastKnownFileType = sourcecode.swift; path = HelpView.swift; sourceTree = "<group>"; };
		72A45D2925701F8B00FD1D0D /* AccountView.swift */ = {isa = PBXFileReference; lastKnownFileType = sourcecode.swift; path = AccountView.swift; sourceTree = "<group>"; };
		72A851FE258BB0F9005F01D2 /* Stressor+CoreDataClass.swift */ = {isa = PBXFileReference; lastKnownFileType = sourcecode.swift; path = "Stressor+CoreDataClass.swift"; sourceTree = "<group>"; };
		72A851FF258BB0F9005F01D2 /* Stressor+CoreDataProperties.swift */ = {isa = PBXFileReference; lastKnownFileType = sourcecode.swift; path = "Stressor+CoreDataProperties.swift"; sourceTree = "<group>"; };
		72A88CD025A485C500DED9F9 /* BottledUpApp.swift */ = {isa = PBXFileReference; lastKnownFileType = sourcecode.swift; path = BottledUpApp.swift; sourceTree = "<group>"; };
		72A88CD625A485F100DED9F9 /* PersistenceController.swift */ = {isa = PBXFileReference; lastKnownFileType = sourcecode.swift; path = PersistenceController.swift; sourceTree = "<group>"; };
		72A88CE425A4887E00DED9F9 /* BottleView.swift */ = {isa = PBXFileReference; lastKnownFileType = sourcecode.swift; path = BottleView.swift; sourceTree = "<group>"; };
		72A88CEA25A4889200DED9F9 /* HeaderView.swift */ = {isa = PBXFileReference; lastKnownFileType = sourcecode.swift; path = HeaderView.swift; sourceTree = "<group>"; };
		72A88CF025A488A400DED9F9 /* DropletButton.swift */ = {isa = PBXFileReference; lastKnownFileType = sourcecode.swift; path = DropletButton.swift; sourceTree = "<group>"; };
		72A88CF625A488B600DED9F9 /* AppTitle.swift */ = {isa = PBXFileReference; lastKnownFileType = sourcecode.swift; path = AppTitle.swift; sourceTree = "<group>"; };
		72A88D0C25A4891700DED9F9 /* Config.swift */ = {isa = PBXFileReference; lastKnownFileType = sourcecode.swift; path = Config.swift; sourceTree = "<group>"; };
		72A88D1625A48AC600DED9F9 /* WidgetItem.swift */ = {isa = PBXFileReference; lastKnownFileType = sourcecode.swift; path = WidgetItem.swift; sourceTree = "<group>"; };
		72B9D3CD253B814900B8ECE1 /* BottleImg.swift */ = {isa = PBXFileReference; lastKnownFileType = sourcecode.swift; path = BottleImg.swift; sourceTree = "<group>"; };
		72B9D3DA253B879200B8ECE1 /* stressorData.json */ = {isa = PBXFileReference; lastKnownFileType = text.json; path = stressorData.json; sourceTree = "<group>"; };
		72B9D3DE253B87E700B8ECE1 /* StressorItem.swift */ = {isa = PBXFileReference; lastKnownFileType = sourcecode.swift; path = StressorItem.swift; sourceTree = "<group>"; };
		72B9D3EF253B898800B8ECE1 /* Data.swift */ = {isa = PBXFileReference; fileEncoding = 4; lastKnownFileType = sourcecode.swift; name = Data.swift; path = ../../../../../../../Downloads/BuildingListsAndNavigation/StartingPoint/Landmarks/Landmarks/Models/Data.swift; sourceTree = "<group>"; };
		72B9D3F9253B955100B8ECE1 /* Stressor.swift */ = {isa = PBXFileReference; lastKnownFileType = sourcecode.swift; path = Stressor.swift; sourceTree = "<group>"; };
		72B9D40B253BAD6100B8ECE1 /* BottledStressors.swift */ = {isa = PBXFileReference; lastKnownFileType = sourcecode.swift; path = BottledStressors.swift; sourceTree = "<group>"; };
		72CA7CB525DB1EBE0054AD7F /* PatternList.swift */ = {isa = PBXFileReference; lastKnownFileType = sourcecode.swift; path = PatternList.swift; sourceTree = "<group>"; };
		72D91C192569458A008CACAF /* DetailStressor.swift */ = {isa = PBXFileReference; lastKnownFileType = sourcecode.swift; path = DetailStressor.swift; sourceTree = "<group>"; };
		72DB2334258BBA0200752C04 /* ReframeStressor.swift */ = {isa = PBXFileReference; lastKnownFileType = sourcecode.swift; path = ReframeStressor.swift; sourceTree = "<group>"; };
		72DB233D258BC2E900752C04 /* BottledUpWidgetExtension.appex */ = {isa = PBXFileReference; explicitFileType = "wrapper.app-extension"; includeInIndex = 0; path = BottledUpWidgetExtension.appex; sourceTree = BUILT_PRODUCTS_DIR; };
		72DB233F258BC2E900752C04 /* WidgetKit.framework */ = {isa = PBXFileReference; lastKnownFileType = wrapper.framework; name = WidgetKit.framework; path = System/Library/Frameworks/WidgetKit.framework; sourceTree = SDKROOT; };
		72DB2341258BC2E900752C04 /* SwiftUI.framework */ = {isa = PBXFileReference; lastKnownFileType = wrapper.framework; name = SwiftUI.framework; path = System/Library/Frameworks/SwiftUI.framework; sourceTree = SDKROOT; };
		72DB2344258BC2E900752C04 /* BottledUpWidget.swift */ = {isa = PBXFileReference; lastKnownFileType = sourcecode.swift; path = BottledUpWidget.swift; sourceTree = "<group>"; };
		72DB2346258BC2E900752C04 /* BottledUpWidget.intentdefinition */ = {isa = PBXFileReference; lastKnownFileType = file.intentdefinition; path = BottledUpWidget.intentdefinition; sourceTree = "<group>"; };
		72DB2347258BC2EA00752C04 /* Assets.xcassets */ = {isa = PBXFileReference; lastKnownFileType = folder.assetcatalog; path = Assets.xcassets; sourceTree = "<group>"; };
		72DB2349258BC2EA00752C04 /* Info.plist */ = {isa = PBXFileReference; lastKnownFileType = text.plist.xml; path = Info.plist; sourceTree = "<group>"; };
		72DB2366258BC5CD00752C04 /* WidgetView.swift */ = {isa = PBXFileReference; lastKnownFileType = sourcecode.swift; path = WidgetView.swift; sourceTree = "<group>"; };
/* End PBXFileReference section */

/* Begin PBXFrameworksBuildPhase section */
		724AC06A253B76DC007880FF /* Frameworks */ = {
			isa = PBXFrameworksBuildPhase;
			buildActionMask = 2147483647;
			files = (
			);
			runOnlyForDeploymentPostprocessing = 0;
		};
		724AC080253B76DE007880FF /* Frameworks */ = {
			isa = PBXFrameworksBuildPhase;
			buildActionMask = 2147483647;
			files = (
			);
			runOnlyForDeploymentPostprocessing = 0;
		};
		724AC08B253B76DE007880FF /* Frameworks */ = {
			isa = PBXFrameworksBuildPhase;
			buildActionMask = 2147483647;
			files = (
			);
			runOnlyForDeploymentPostprocessing = 0;
		};
		72DB233A258BC2E900752C04 /* Frameworks */ = {
			isa = PBXFrameworksBuildPhase;
			buildActionMask = 2147483647;
			files = (
				72DB2342258BC2E900752C04 /* SwiftUI.framework in Frameworks */,
				72DB2340258BC2E900752C04 /* WidgetKit.framework in Frameworks */,
			);
			runOnlyForDeploymentPostprocessing = 0;
		};
/* End PBXFrameworksBuildPhase section */

/* Begin PBXGroup section */
		724AC064253B76DC007880FF = {
			isa = PBXGroup;
			children = (
				72A88D0C25A4891700DED9F9 /* Config.swift */,
				72A88CE425A4887E00DED9F9 /* BottleView.swift */,
				7270ABEF258BCF5600262E0F /* BottledUpWidgetExtension.entitlements */,
				724AC06F253B76DC007880FF /* Bottled Up */,
				724AC086253B76DE007880FF /* Bottled UpTests */,
				724AC091253B76DE007880FF /* Bottled UpUITests */,
				72DB2343258BC2E900752C04 /* BottledUpWidget */,
				72DB233E258BC2E900752C04 /* Frameworks */,
				724AC06E253B76DC007880FF /* Products */,
			);
			sourceTree = "<group>";
		};
		724AC06E253B76DC007880FF /* Products */ = {
			isa = PBXGroup;
			children = (
				724AC06D253B76DC007880FF /* Bottled Up.app */,
				724AC083253B76DE007880FF /* Bottled UpTests.xctest */,
				724AC08E253B76DE007880FF /* Bottled UpUITests.xctest */,
				72DB233D258BC2E900752C04 /* BottledUpWidgetExtension.appex */,
			);
			name = Products;
			sourceTree = "<group>";
		};
		724AC06F253B76DC007880FF /* Bottled Up */ = {
			isa = PBXGroup;
			children = (
				7270ABEA258BCEDF00262E0F /* Bottled Up.entitlements */,
				72A851FE258BB0F9005F01D2 /* Stressor+CoreDataClass.swift */,
				72A851FF258BB0F9005F01D2 /* Stressor+CoreDataProperties.swift */,
				72B9D3E3253B883900B8ECE1 /* Models */,
				72B9D3D4253B876E00B8ECE1 /* Resources */,
				72A45D2425701B3900FD1D0D /* HelpView.swift */,
				72B9D3CD253B814900B8ECE1 /* BottleImg.swift */,
				72926AD7254A310C00CA972A /* AddingStressor.swift */,
				72D91C192569458A008CACAF /* DetailStressor.swift */,
				72DB2334258BBA0200752C04 /* ReframeStressor.swift */,
				723EF5CF25DAF1E30054F02A /* IdentifyPatterns.swift */,
				72CA7CB525DB1EBE0054AD7F /* PatternList.swift */,
				72A45D2925701F8B00FD1D0D /* AccountView.swift */,
				72A45D162570080E00FD1D0D /* HomeView.swift */,
				72A88CF625A488B600DED9F9 /* AppTitle.swift */,
				72A88CF025A488A400DED9F9 /* DropletButton.swift */,
				72A88CEA25A4889200DED9F9 /* HeaderView.swift */,
				724AC074253B76DC007880FF /* MainView.swift */,
				72A88CD025A485C500DED9F9 /* BottledUpApp.swift */,
				72A88CD625A485F100DED9F9 /* PersistenceController.swift */,
				72B9D40B253BAD6100B8ECE1 /* BottledStressors.swift */,
				72B9D3DE253B87E700B8ECE1 /* StressorItem.swift */,
				724AC076253B76DE007880FF /* Assets.xcassets */,
				724AC07B253B76DE007880FF /* LaunchScreen.storyboard */,
				724AC07E253B76DE007880FF /* Info.plist */,
				724AC078253B76DE007880FF /* Preview Content */,
			);
			path = "Bottled Up";
			sourceTree = "<group>";
		};
		724AC078253B76DE007880FF /* Preview Content */ = {
			isa = PBXGroup;
			children = (
				724AC079253B76DE007880FF /* Preview Assets.xcassets */,
			);
			path = "Preview Content";
			sourceTree = "<group>";
		};
		724AC086253B76DE007880FF /* Bottled UpTests */ = {
			isa = PBXGroup;
			children = (
				724AC087253B76DE007880FF /* Bottled_UpTests.swift */,
				724AC089253B76DE007880FF /* Info.plist */,
			);
			path = "Bottled UpTests";
			sourceTree = "<group>";
		};
		724AC091253B76DE007880FF /* Bottled UpUITests */ = {
			isa = PBXGroup;
			children = (
				724AC092253B76DE007880FF /* Bottled_UpUITests.swift */,
				724AC094253B76DE007880FF /* Info.plist */,
			);
			path = "Bottled UpUITests";
			sourceTree = "<group>";
		};
		72B9D3D4253B876E00B8ECE1 /* Resources */ = {
			isa = PBXGroup;
			children = (
				72B9D3DA253B879200B8ECE1 /* stressorData.json */,
			);
			path = Resources;
			sourceTree = "<group>";
		};
		72B9D3E3253B883900B8ECE1 /* Models */ = {
			isa = PBXGroup;
			children = (
				7241F3EE2580153400BBD21E /* DataModel.xcdatamodeld */,
				72B9D3F9253B955100B8ECE1 /* Stressor.swift */,
				72B9D3EF253B898800B8ECE1 /* Data.swift */,
			);
			path = Models;
			sourceTree = "<group>";
		};
		72DB233E258BC2E900752C04 /* Frameworks */ = {
			isa = PBXGroup;
			children = (
				72DB233F258BC2E900752C04 /* WidgetKit.framework */,
				72DB2341258BC2E900752C04 /* SwiftUI.framework */,
			);
			name = Frameworks;
			sourceTree = "<group>";
		};
		72DB2343258BC2E900752C04 /* BottledUpWidget */ = {
			isa = PBXGroup;
			children = (
				72DB2344258BC2E900752C04 /* BottledUpWidget.swift */,
				72DB2366258BC5CD00752C04 /* WidgetView.swift */,
				72A88D1625A48AC600DED9F9 /* WidgetItem.swift */,
				72DB2346258BC2E900752C04 /* BottledUpWidget.intentdefinition */,
				72DB2347258BC2EA00752C04 /* Assets.xcassets */,
				72DB2349258BC2EA00752C04 /* Info.plist */,
			);
			path = BottledUpWidget;
			sourceTree = "<group>";
		};
/* End PBXGroup section */

/* Begin PBXNativeTarget section */
		724AC06C253B76DC007880FF /* Bottled Up */ = {
			isa = PBXNativeTarget;
			buildConfigurationList = 724AC097253B76DE007880FF /* Build configuration list for PBXNativeTarget "Bottled Up" */;
			buildPhases = (
				724AC069253B76DC007880FF /* Sources */,
				724AC06A253B76DC007880FF /* Frameworks */,
				724AC06B253B76DC007880FF /* Resources */,
				72DB2352258BC2EA00752C04 /* Embed App Extensions */,
			);
			buildRules = (
			);
			dependencies = (
				72DB234D258BC2EA00752C04 /* PBXTargetDependency */,
			);
			name = "Bottled Up";
			productName = "Bottled Up";
			productReference = 724AC06D253B76DC007880FF /* Bottled Up.app */;
			productType = "com.apple.product-type.application";
		};
		724AC082253B76DE007880FF /* Bottled UpTests */ = {
			isa = PBXNativeTarget;
			buildConfigurationList = 724AC09A253B76DE007880FF /* Build configuration list for PBXNativeTarget "Bottled UpTests" */;
			buildPhases = (
				724AC07F253B76DE007880FF /* Sources */,
				724AC080253B76DE007880FF /* Frameworks */,
				724AC081253B76DE007880FF /* Resources */,
			);
			buildRules = (
			);
			dependencies = (
				724AC085253B76DE007880FF /* PBXTargetDependency */,
			);
			name = "Bottled UpTests";
			productName = "Bottled UpTests";
			productReference = 724AC083253B76DE007880FF /* Bottled UpTests.xctest */;
			productType = "com.apple.product-type.bundle.unit-test";
		};
		724AC08D253B76DE007880FF /* Bottled UpUITests */ = {
			isa = PBXNativeTarget;
			buildConfigurationList = 724AC09D253B76DE007880FF /* Build configuration list for PBXNativeTarget "Bottled UpUITests" */;
			buildPhases = (
				724AC08A253B76DE007880FF /* Sources */,
				724AC08B253B76DE007880FF /* Frameworks */,
				724AC08C253B76DE007880FF /* Resources */,
			);
			buildRules = (
			);
			dependencies = (
				724AC090253B76DE007880FF /* PBXTargetDependency */,
			);
			name = "Bottled UpUITests";
			productName = "Bottled UpUITests";
			productReference = 724AC08E253B76DE007880FF /* Bottled UpUITests.xctest */;
			productType = "com.apple.product-type.bundle.ui-testing";
		};
		72DB233C258BC2E900752C04 /* BottledUpWidgetExtension */ = {
			isa = PBXNativeTarget;
			buildConfigurationList = 72DB234F258BC2EA00752C04 /* Build configuration list for PBXNativeTarget "BottledUpWidgetExtension" */;
			buildPhases = (
				72DB2339258BC2E900752C04 /* Sources */,
				72DB233A258BC2E900752C04 /* Frameworks */,
				72DB233B258BC2E900752C04 /* Resources */,
			);
			buildRules = (
			);
			dependencies = (
			);
			name = BottledUpWidgetExtension;
			productName = BottledUpWidgetExtension;
			productReference = 72DB233D258BC2E900752C04 /* BottledUpWidgetExtension.appex */;
			productType = "com.apple.product-type.app-extension";
		};
/* End PBXNativeTarget section */

/* Begin PBXProject section */
		724AC065253B76DC007880FF /* Project object */ = {
			isa = PBXProject;
			attributes = {
				LastSwiftUpdateCheck = 1220;
				LastUpgradeCheck = 1220;
				TargetAttributes = {
					724AC06C253B76DC007880FF = {
						CreatedOnToolsVersion = 12.2;
					};
					724AC082253B76DE007880FF = {
						CreatedOnToolsVersion = 12.2;
						TestTargetID = 724AC06C253B76DC007880FF;
					};
					724AC08D253B76DE007880FF = {
						CreatedOnToolsVersion = 12.2;
						TestTargetID = 724AC06C253B76DC007880FF;
					};
					72DB233C258BC2E900752C04 = {
						CreatedOnToolsVersion = 12.2;
					};
				};
			};
			buildConfigurationList = 724AC068253B76DC007880FF /* Build configuration list for PBXProject "Bottled Up" */;
			compatibilityVersion = "Xcode 9.3";
			developmentRegion = en;
			hasScannedForEncodings = 0;
			knownRegions = (
				en,
				Base,
			);
			mainGroup = 724AC064253B76DC007880FF;
			productRefGroup = 724AC06E253B76DC007880FF /* Products */;
			projectDirPath = "";
			projectRoot = "";
			targets = (
				724AC06C253B76DC007880FF /* Bottled Up */,
				724AC082253B76DE007880FF /* Bottled UpTests */,
				724AC08D253B76DE007880FF /* Bottled UpUITests */,
				72DB233C258BC2E900752C04 /* BottledUpWidgetExtension */,
			);
		};
/* End PBXProject section */

/* Begin PBXResourcesBuildPhase section */
		724AC06B253B76DC007880FF /* Resources */ = {
			isa = PBXResourcesBuildPhase;
			buildActionMask = 2147483647;
			files = (
				72B9D407253BA10500B8ECE1 /* stressorData.json in Resources */,
				724AC07D253B76DE007880FF /* LaunchScreen.storyboard in Resources */,
				7252AB3F2541BBC400499D82 /* Assets.xcassets in Resources */,
				724AC07A253B76DE007880FF /* Preview Assets.xcassets in Resources */,
			);
			runOnlyForDeploymentPostprocessing = 0;
		};
		724AC081253B76DE007880FF /* Resources */ = {
			isa = PBXResourcesBuildPhase;
			buildActionMask = 2147483647;
			files = (
			);
			runOnlyForDeploymentPostprocessing = 0;
		};
		724AC08C253B76DE007880FF /* Resources */ = {
			isa = PBXResourcesBuildPhase;
			buildActionMask = 2147483647;
			files = (
			);
			runOnlyForDeploymentPostprocessing = 0;
		};
		72DB233B258BC2E900752C04 /* Resources */ = {
			isa = PBXResourcesBuildPhase;
			buildActionMask = 2147483647;
			files = (
				7270ABE0258BCAAD00262E0F /* Assets.xcassets in Resources */,
			);
			runOnlyForDeploymentPostprocessing = 0;
		};
/* End PBXResourcesBuildPhase section */

/* Begin PBXSourcesBuildPhase section */
		724AC069253B76DC007880FF /* Sources */ = {
			isa = PBXSourcesBuildPhase;
			buildActionMask = 2147483647;
			files = (
				72A88CE525A4887E00DED9F9 /* BottleView.swift in Sources */,
				72B9D3F0253B898800B8ECE1 /* Data.swift in Sources */,
				72A45D2525701B3900FD1D0D /* HelpView.swift in Sources */,
				72DB234B258BC2EA00752C04 /* BottledUpWidget.intentdefinition in Sources */,
				72DB2335258BBA0200752C04 /* ReframeStressor.swift in Sources */,
				72A88D0D25A4891700DED9F9 /* Config.swift in Sources */,
				72B9D3DF253B87E700B8ECE1 /* StressorItem.swift in Sources */,
				7241F3F02580153400BBD21E /* DataModel.xcdatamodeld in Sources */,
				72A85201258BB0F9005F01D2 /* Stressor+CoreDataProperties.swift in Sources */,
				72A85200258BB0F9005F01D2 /* Stressor+CoreDataClass.swift in Sources */,
				72B9D3CE253B814900B8ECE1 /* BottleImg.swift in Sources */,
				724AC075253B76DC007880FF /* MainView.swift in Sources */,
				723EF5D025DAF1E30054F02A /* IdentifyPatterns.swift in Sources */,
				72B9D3FA253B955100B8ECE1 /* Stressor.swift in Sources */,
				72D91C1A2569458A008CACAF /* DetailStressor.swift in Sources */,
				72A88D1725A48AC600DED9F9 /* WidgetItem.swift in Sources */,
				72CA7CB625DB1EBE0054AD7F /* PatternList.swift in Sources */,
				72A88CEB25A4889200DED9F9 /* HeaderView.swift in Sources */,
				72A88CF125A488A400DED9F9 /* DropletButton.swift in Sources */,
				72A45D172570080E00FD1D0D /* HomeView.swift in Sources */,
				72A88CD725A485F100DED9F9 /* PersistenceController.swift in Sources */,
				72A88CF725A488B600DED9F9 /* AppTitle.swift in Sources */,
				72926AD8254A310C00CA972A /* AddingStressor.swift in Sources */,
				72A45D2A25701F8B00FD1D0D /* AccountView.swift in Sources */,
				72A88CD125A485C500DED9F9 /* BottledUpApp.swift in Sources */,
				72B9D40C253BAD6100B8ECE1 /* BottledStressors.swift in Sources */,
			);
			runOnlyForDeploymentPostprocessing = 0;
		};
		724AC07F253B76DE007880FF /* Sources */ = {
			isa = PBXSourcesBuildPhase;
			buildActionMask = 2147483647;
			files = (
				724AC088253B76DE007880FF /* Bottled_UpTests.swift in Sources */,
			);
			runOnlyForDeploymentPostprocessing = 0;
		};
		724AC08A253B76DE007880FF /* Sources */ = {
			isa = PBXSourcesBuildPhase;
			buildActionMask = 2147483647;
			files = (
				724AC093253B76DE007880FF /* Bottled_UpUITests.swift in Sources */,
			);
			runOnlyForDeploymentPostprocessing = 0;
		};
		72DB2339258BC2E900752C04 /* Sources */ = {
			isa = PBXSourcesBuildPhase;
			buildActionMask = 2147483647;
			files = (
				7270ABC1258BC9CC00262E0F /* Stressor+CoreDataClass.swift in Sources */,
				72DB2399258BC71400752C04 /* HelpView.swift in Sources */,
				72DB236C258BC5CF00752C04 /* WidgetView.swift in Sources */,
				72A88D2125A48AEE00DED9F9 /* Config.swift in Sources */,
				7270ABE5258BCAFC00262E0F /* DataModel.xcdatamodeld in Sources */,
				72DB2384258BC6E400752C04 /* BottleImg.swift in Sources */,
				72DB237F258BC6DF00752C04 /* StressorItem.swift in Sources */,
				72A88D1C25A48ACD00DED9F9 /* WidgetItem.swift in Sources */,
				7270ABBC258BC9C300262E0F /* Stressor+CoreDataProperties.swift in Sources */,
				72DB234A258BC2EA00752C04 /* BottledUpWidget.intentdefinition in Sources */,
				7270ABB7258BC9B600262E0F /* Stressor.swift in Sources */,
				72DB2345258BC2E900752C04 /* BottledUpWidget.swift in Sources */,
			);
			runOnlyForDeploymentPostprocessing = 0;
		};
/* End PBXSourcesBuildPhase section */

/* Begin PBXTargetDependency section */
		724AC085253B76DE007880FF /* PBXTargetDependency */ = {
			isa = PBXTargetDependency;
			target = 724AC06C253B76DC007880FF /* Bottled Up */;
			targetProxy = 724AC084253B76DE007880FF /* PBXContainerItemProxy */;
		};
		724AC090253B76DE007880FF /* PBXTargetDependency */ = {
			isa = PBXTargetDependency;
			target = 724AC06C253B76DC007880FF /* Bottled Up */;
			targetProxy = 724AC08F253B76DE007880FF /* PBXContainerItemProxy */;
		};
		72DB234D258BC2EA00752C04 /* PBXTargetDependency */ = {
			isa = PBXTargetDependency;
			target = 72DB233C258BC2E900752C04 /* BottledUpWidgetExtension */;
			targetProxy = 72DB234C258BC2EA00752C04 /* PBXContainerItemProxy */;
		};
/* End PBXTargetDependency section */

/* Begin PBXVariantGroup section */
		724AC07B253B76DE007880FF /* LaunchScreen.storyboard */ = {
			isa = PBXVariantGroup;
			children = (
				724AC07C253B76DE007880FF /* Base */,
			);
			name = LaunchScreen.storyboard;
			sourceTree = "<group>";
		};
/* End PBXVariantGroup section */

/* Begin XCBuildConfiguration section */
		724AC095253B76DE007880FF /* Debug */ = {
			isa = XCBuildConfiguration;
			buildSettings = {
				ALWAYS_SEARCH_USER_PATHS = NO;
				CLANG_ANALYZER_NONNULL = YES;
				CLANG_ANALYZER_NUMBER_OBJECT_CONVERSION = YES_AGGRESSIVE;
				CLANG_CXX_LANGUAGE_STANDARD = "gnu++14";
				CLANG_CXX_LIBRARY = "libc++";
				CLANG_ENABLE_MODULES = YES;
				CLANG_ENABLE_OBJC_ARC = YES;
				CLANG_ENABLE_OBJC_WEAK = YES;
				CLANG_WARN_BLOCK_CAPTURE_AUTORELEASING = YES;
				CLANG_WARN_BOOL_CONVERSION = YES;
				CLANG_WARN_COMMA = YES;
				CLANG_WARN_CONSTANT_CONVERSION = YES;
				CLANG_WARN_DEPRECATED_OBJC_IMPLEMENTATIONS = YES;
				CLANG_WARN_DIRECT_OBJC_ISA_USAGE = YES_ERROR;
				CLANG_WARN_DOCUMENTATION_COMMENTS = YES;
				CLANG_WARN_EMPTY_BODY = YES;
				CLANG_WARN_ENUM_CONVERSION = YES;
				CLANG_WARN_INFINITE_RECURSION = YES;
				CLANG_WARN_INT_CONVERSION = YES;
				CLANG_WARN_NON_LITERAL_NULL_CONVERSION = YES;
				CLANG_WARN_OBJC_IMPLICIT_RETAIN_SELF = YES;
				CLANG_WARN_OBJC_LITERAL_CONVERSION = YES;
				CLANG_WARN_OBJC_ROOT_CLASS = YES_ERROR;
				CLANG_WARN_QUOTED_INCLUDE_IN_FRAMEWORK_HEADER = YES;
				CLANG_WARN_RANGE_LOOP_ANALYSIS = YES;
				CLANG_WARN_STRICT_PROTOTYPES = YES;
				CLANG_WARN_SUSPICIOUS_MOVE = YES;
				CLANG_WARN_UNGUARDED_AVAILABILITY = YES_AGGRESSIVE;
				CLANG_WARN_UNREACHABLE_CODE = YES;
				CLANG_WARN__DUPLICATE_METHOD_MATCH = YES;
				COPY_PHASE_STRIP = NO;
				DEBUG_INFORMATION_FORMAT = dwarf;
				ENABLE_STRICT_OBJC_MSGSEND = YES;
				ENABLE_TESTABILITY = YES;
				GCC_C_LANGUAGE_STANDARD = gnu11;
				GCC_DYNAMIC_NO_PIC = NO;
				GCC_NO_COMMON_BLOCKS = YES;
				GCC_OPTIMIZATION_LEVEL = 0;
				GCC_PREPROCESSOR_DEFINITIONS = (
					"DEBUG=1",
					"$(inherited)",
				);
				GCC_WARN_64_TO_32_BIT_CONVERSION = YES;
				GCC_WARN_ABOUT_RETURN_TYPE = YES_ERROR;
				GCC_WARN_UNDECLARED_SELECTOR = YES;
				GCC_WARN_UNINITIALIZED_AUTOS = YES_AGGRESSIVE;
				GCC_WARN_UNUSED_FUNCTION = YES;
				GCC_WARN_UNUSED_VARIABLE = YES;
				IPHONEOS_DEPLOYMENT_TARGET = 14.2;
				MTL_ENABLE_DEBUG_INFO = INCLUDE_SOURCE;
				MTL_FAST_MATH = YES;
				ONLY_ACTIVE_ARCH = YES;
				SDKROOT = iphoneos;
				SWIFT_ACTIVE_COMPILATION_CONDITIONS = DEBUG;
				SWIFT_OPTIMIZATION_LEVEL = "-Onone";
			};
			name = Debug;
		};
		724AC096253B76DE007880FF /* Release */ = {
			isa = XCBuildConfiguration;
			buildSettings = {
				ALWAYS_SEARCH_USER_PATHS = NO;
				CLANG_ANALYZER_NONNULL = YES;
				CLANG_ANALYZER_NUMBER_OBJECT_CONVERSION = YES_AGGRESSIVE;
				CLANG_CXX_LANGUAGE_STANDARD = "gnu++14";
				CLANG_CXX_LIBRARY = "libc++";
				CLANG_ENABLE_MODULES = YES;
				CLANG_ENABLE_OBJC_ARC = YES;
				CLANG_ENABLE_OBJC_WEAK = YES;
				CLANG_WARN_BLOCK_CAPTURE_AUTORELEASING = YES;
				CLANG_WARN_BOOL_CONVERSION = YES;
				CLANG_WARN_COMMA = YES;
				CLANG_WARN_CONSTANT_CONVERSION = YES;
				CLANG_WARN_DEPRECATED_OBJC_IMPLEMENTATIONS = YES;
				CLANG_WARN_DIRECT_OBJC_ISA_USAGE = YES_ERROR;
				CLANG_WARN_DOCUMENTATION_COMMENTS = YES;
				CLANG_WARN_EMPTY_BODY = YES;
				CLANG_WARN_ENUM_CONVERSION = YES;
				CLANG_WARN_INFINITE_RECURSION = YES;
				CLANG_WARN_INT_CONVERSION = YES;
				CLANG_WARN_NON_LITERAL_NULL_CONVERSION = YES;
				CLANG_WARN_OBJC_IMPLICIT_RETAIN_SELF = YES;
				CLANG_WARN_OBJC_LITERAL_CONVERSION = YES;
				CLANG_WARN_OBJC_ROOT_CLASS = YES_ERROR;
				CLANG_WARN_QUOTED_INCLUDE_IN_FRAMEWORK_HEADER = YES;
				CLANG_WARN_RANGE_LOOP_ANALYSIS = YES;
				CLANG_WARN_STRICT_PROTOTYPES = YES;
				CLANG_WARN_SUSPICIOUS_MOVE = YES;
				CLANG_WARN_UNGUARDED_AVAILABILITY = YES_AGGRESSIVE;
				CLANG_WARN_UNREACHABLE_CODE = YES;
				CLANG_WARN__DUPLICATE_METHOD_MATCH = YES;
				COPY_PHASE_STRIP = NO;
				DEBUG_INFORMATION_FORMAT = "dwarf-with-dsym";
				ENABLE_NS_ASSERTIONS = NO;
				ENABLE_STRICT_OBJC_MSGSEND = YES;
				GCC_C_LANGUAGE_STANDARD = gnu11;
				GCC_NO_COMMON_BLOCKS = YES;
				GCC_WARN_64_TO_32_BIT_CONVERSION = YES;
				GCC_WARN_ABOUT_RETURN_TYPE = YES_ERROR;
				GCC_WARN_UNDECLARED_SELECTOR = YES;
				GCC_WARN_UNINITIALIZED_AUTOS = YES_AGGRESSIVE;
				GCC_WARN_UNUSED_FUNCTION = YES;
				GCC_WARN_UNUSED_VARIABLE = YES;
				IPHONEOS_DEPLOYMENT_TARGET = 14.2;
				MTL_ENABLE_DEBUG_INFO = NO;
				MTL_FAST_MATH = YES;
				SDKROOT = iphoneos;
				SWIFT_COMPILATION_MODE = wholemodule;
				SWIFT_OPTIMIZATION_LEVEL = "-O";
				VALIDATE_PRODUCT = YES;
			};
			name = Release;
		};
		724AC098253B76DE007880FF /* Debug */ = {
			isa = XCBuildConfiguration;
			buildSettings = {
				ALWAYS_EMBED_SWIFT_STANDARD_LIBRARIES = YES;
				ASSETCATALOG_COMPILER_APPICON_NAME = AppIcon;
				ASSETCATALOG_COMPILER_GLOBAL_ACCENT_COLOR_NAME = AccentColor;
				CODE_SIGN_ENTITLEMENTS = "Bottled Up/Bottled Up.entitlements";
				CODE_SIGN_STYLE = Automatic;
				DEVELOPMENT_ASSET_PATHS = "\"Bottled Up/Preview Content\"";
				DEVELOPMENT_TEAM = B479V4T8BS;
				ENABLE_PREVIEWS = YES;
				GCC_NO_COMMON_BLOCKS = NO;
				INFOPLIST_FILE = "Bottled Up/Info.plist";
				LD_RUNPATH_SEARCH_PATHS = (
					"$(inherited)",
					"@executable_path/Frameworks",
				);
				PRODUCT_BUNDLE_IDENTIFIER = "com.example.Bottled-Up";
				PRODUCT_NAME = "$(TARGET_NAME)";
				SWIFT_VERSION = 5.0;
				TARGETED_DEVICE_FAMILY = "1,2";
			};
			name = Debug;
		};
		724AC099253B76DE007880FF /* Release */ = {
			isa = XCBuildConfiguration;
			buildSettings = {
				ALWAYS_EMBED_SWIFT_STANDARD_LIBRARIES = YES;
				ASSETCATALOG_COMPILER_APPICON_NAME = AppIcon;
				ASSETCATALOG_COMPILER_GLOBAL_ACCENT_COLOR_NAME = AccentColor;
				CODE_SIGN_ENTITLEMENTS = "Bottled Up/Bottled Up.entitlements";
				CODE_SIGN_STYLE = Automatic;
				DEVELOPMENT_ASSET_PATHS = "\"Bottled Up/Preview Content\"";
				DEVELOPMENT_TEAM = B479V4T8BS;
				ENABLE_PREVIEWS = YES;
				GCC_NO_COMMON_BLOCKS = NO;
				INFOPLIST_FILE = "Bottled Up/Info.plist";
				LD_RUNPATH_SEARCH_PATHS = (
					"$(inherited)",
					"@executable_path/Frameworks",
				);
				PRODUCT_BUNDLE_IDENTIFIER = "com.example.Bottled-Up";
				PRODUCT_NAME = "$(TARGET_NAME)";
				SWIFT_VERSION = 5.0;
				TARGETED_DEVICE_FAMILY = "1,2";
			};
			name = Release;
		};
		724AC09B253B76DE007880FF /* Debug */ = {
			isa = XCBuildConfiguration;
			buildSettings = {
				ALWAYS_EMBED_SWIFT_STANDARD_LIBRARIES = YES;
				BUNDLE_LOADER = "$(TEST_HOST)";
				CODE_SIGN_STYLE = Automatic;
				INFOPLIST_FILE = "Bottled UpTests/Info.plist";
				IPHONEOS_DEPLOYMENT_TARGET = 14.2;
				LD_RUNPATH_SEARCH_PATHS = (
					"$(inherited)",
					"@executable_path/Frameworks",
					"@loader_path/Frameworks",
				);
				PRODUCT_BUNDLE_IDENTIFIER = "com.example.Bottled-UpTests";
				PRODUCT_NAME = "$(TARGET_NAME)";
				SWIFT_VERSION = 5.0;
				TARGETED_DEVICE_FAMILY = "1,2";
				TEST_HOST = "$(BUILT_PRODUCTS_DIR)/Bottled Up.app/Bottled Up";
			};
			name = Debug;
		};
		724AC09C253B76DE007880FF /* Release */ = {
			isa = XCBuildConfiguration;
			buildSettings = {
				ALWAYS_EMBED_SWIFT_STANDARD_LIBRARIES = YES;
				BUNDLE_LOADER = "$(TEST_HOST)";
				CODE_SIGN_STYLE = Automatic;
				INFOPLIST_FILE = "Bottled UpTests/Info.plist";
				IPHONEOS_DEPLOYMENT_TARGET = 14.2;
				LD_RUNPATH_SEARCH_PATHS = (
					"$(inherited)",
					"@executable_path/Frameworks",
					"@loader_path/Frameworks",
				);
				PRODUCT_BUNDLE_IDENTIFIER = "com.example.Bottled-UpTests";
				PRODUCT_NAME = "$(TARGET_NAME)";
				SWIFT_VERSION = 5.0;
				TARGETED_DEVICE_FAMILY = "1,2";
				TEST_HOST = "$(BUILT_PRODUCTS_DIR)/Bottled Up.app/Bottled Up";
			};
			name = Release;
		};
		724AC09E253B76DE007880FF /* Debug */ = {
			isa = XCBuildConfiguration;
			buildSettings = {
				ALWAYS_EMBED_SWIFT_STANDARD_LIBRARIES = YES;
				CODE_SIGN_STYLE = Automatic;
				INFOPLIST_FILE = "Bottled UpUITests/Info.plist";
				LD_RUNPATH_SEARCH_PATHS = (
					"$(inherited)",
					"@executable_path/Frameworks",
					"@loader_path/Frameworks",
				);
				PRODUCT_BUNDLE_IDENTIFIER = "com.example.Bottled-UpUITests";
				PRODUCT_NAME = "$(TARGET_NAME)";
				SWIFT_VERSION = 5.0;
				TARGETED_DEVICE_FAMILY = "1,2";
				TEST_TARGET_NAME = "Bottled Up";
			};
			name = Debug;
		};
		724AC09F253B76DE007880FF /* Release */ = {
			isa = XCBuildConfiguration;
			buildSettings = {
				ALWAYS_EMBED_SWIFT_STANDARD_LIBRARIES = YES;
				CODE_SIGN_STYLE = Automatic;
				INFOPLIST_FILE = "Bottled UpUITests/Info.plist";
				LD_RUNPATH_SEARCH_PATHS = (
					"$(inherited)",
					"@executable_path/Frameworks",
					"@loader_path/Frameworks",
				);
				PRODUCT_BUNDLE_IDENTIFIER = "com.example.Bottled-UpUITests";
				PRODUCT_NAME = "$(TARGET_NAME)";
				SWIFT_VERSION = 5.0;
				TARGETED_DEVICE_FAMILY = "1,2";
				TEST_TARGET_NAME = "Bottled Up";
			};
			name = Release;
		};
		72DB2350258BC2EA00752C04 /* Debug */ = {
			isa = XCBuildConfiguration;
			buildSettings = {
				ASSETCATALOG_COMPILER_GLOBAL_ACCENT_COLOR_NAME = AccentColor;
				ASSETCATALOG_COMPILER_WIDGET_BACKGROUND_COLOR_NAME = WidgetBackground;
				CODE_SIGN_ENTITLEMENTS = BottledUpWidgetExtension.entitlements;
				CODE_SIGN_STYLE = Automatic;
				DEVELOPMENT_TEAM = B479V4T8BS;
				INFOPLIST_FILE = BottledUpWidget/Info.plist;
				LD_RUNPATH_SEARCH_PATHS = (
					"$(inherited)",
					"@executable_path/Frameworks",
					"@executable_path/../../Frameworks",
				);
				PRODUCT_BUNDLE_IDENTIFIER = "com.example.Bottled-Up.BottledUpWidget";
				PRODUCT_NAME = "$(TARGET_NAME)";
				SKIP_INSTALL = YES;
				SWIFT_VERSION = 5.0;
				TARGETED_DEVICE_FAMILY = "1,2";
			};
			name = Debug;
		};
		72DB2351258BC2EA00752C04 /* Release */ = {
			isa = XCBuildConfiguration;
			buildSettings = {
				ASSETCATALOG_COMPILER_GLOBAL_ACCENT_COLOR_NAME = AccentColor;
				ASSETCATALOG_COMPILER_WIDGET_BACKGROUND_COLOR_NAME = WidgetBackground;
				CODE_SIGN_ENTITLEMENTS = BottledUpWidgetExtension.entitlements;
				CODE_SIGN_STYLE = Automatic;
				DEVELOPMENT_TEAM = B479V4T8BS;
				INFOPLIST_FILE = BottledUpWidget/Info.plist;
				LD_RUNPATH_SEARCH_PATHS = (
					"$(inherited)",
					"@executable_path/Frameworks",
					"@executable_path/../../Frameworks",
				);
				PRODUCT_BUNDLE_IDENTIFIER = "com.example.Bottled-Up.BottledUpWidget";
				PRODUCT_NAME = "$(TARGET_NAME)";
				SKIP_INSTALL = YES;
				SWIFT_VERSION = 5.0;
				TARGETED_DEVICE_FAMILY = "1,2";
			};
			name = Release;
		};
/* End XCBuildConfiguration section */

/* Begin XCConfigurationList section */
		724AC068253B76DC007880FF /* Build configuration list for PBXProject "Bottled Up" */ = {
			isa = XCConfigurationList;
			buildConfigurations = (
				724AC095253B76DE007880FF /* Debug */,
				724AC096253B76DE007880FF /* Release */,
			);
			defaultConfigurationIsVisible = 0;
			defaultConfigurationName = Release;
		};
		724AC097253B76DE007880FF /* Build configuration list for PBXNativeTarget "Bottled Up" */ = {
			isa = XCConfigurationList;
			buildConfigurations = (
				724AC098253B76DE007880FF /* Debug */,
				724AC099253B76DE007880FF /* Release */,
			);
			defaultConfigurationIsVisible = 0;
			defaultConfigurationName = Release;
		};
		724AC09A253B76DE007880FF /* Build configuration list for PBXNativeTarget "Bottled UpTests" */ = {
			isa = XCConfigurationList;
			buildConfigurations = (
				724AC09B253B76DE007880FF /* Debug */,
				724AC09C253B76DE007880FF /* Release */,
			);
			defaultConfigurationIsVisible = 0;
			defaultConfigurationName = Release;
		};
		724AC09D253B76DE007880FF /* Build configuration list for PBXNativeTarget "Bottled UpUITests" */ = {
			isa = XCConfigurationList;
			buildConfigurations = (
				724AC09E253B76DE007880FF /* Debug */,
				724AC09F253B76DE007880FF /* Release */,
			);
			defaultConfigurationIsVisible = 0;
			defaultConfigurationName = Release;
		};
		72DB234F258BC2EA00752C04 /* Build configuration list for PBXNativeTarget "BottledUpWidgetExtension" */ = {
			isa = XCConfigurationList;
			buildConfigurations = (
				72DB2350258BC2EA00752C04 /* Debug */,
				72DB2351258BC2EA00752C04 /* Release */,
			);
			defaultConfigurationIsVisible = 0;
			defaultConfigurationName = Release;
		};
/* End XCConfigurationList section */

/* Begin XCVersionGroup section */
		7241F3EE2580153400BBD21E /* DataModel.xcdatamodeld */ = {
			isa = XCVersionGroup;
			children = (
				7241F3EF2580153400BBD21E /* DataModel.xcdatamodel */,
			);
			currentVersion = 7241F3EF2580153400BBD21E /* DataModel.xcdatamodel */;
			path = DataModel.xcdatamodeld;
			sourceTree = "<group>";
			versionGroupType = wrapper.xcdatamodel;
		};
/* End XCVersionGroup section */
	};
	rootObject = 724AC065253B76DC007880FF /* Project object */;
}
